
Microsoft Visual Studio Solution File, Format Version 12.00
# Visual Studio Version 17
VisualStudioVersion = 17.1.32210.238
MinimumVisualStudioVersion = 10.0.40219.1
Project("{8BC9CEB8-8B4A-11D0-8D11-00A0C91BC942}") = "WindowsProject1", "WindowsProject1.vcxproj", "{2E685DF0-181D-4E34-9597-45C361FF9D9C}"
EndProject
Global
	GlobalSection(SolutionConfigurationPlatforms) = preSolution
		Debug|x64 = Debug|x64
		Debug|x86 = Debug|x86
		Release|x64 = Release|x64
		Release|x86 = Release|x86
	EndGlobalSection
	GlobalSection(ProjectConfigurationPlatforms) = postSolution
		{2E685DF0-181D-4E34-9597-45C361FF9D9C}.Debug|x64.ActiveCfg = Debug|x64
		{2E685DF0-181D-4E34-9597-45C361FF9D9C}.Debug|x64.Build.0 = Debug|x64
		{2E685DF0-181D-4E34-9597-45C361FF9D9C}.Debug|x86.ActiveCfg = Debug|Win32
		{2E685DF0-181D-4E34-9597-45C361FF9D9C}.Debug|x86.Build.0 = Debug|Win32
		{2E685DF0-181D-4E34-9597-45C361FF9D9C}.Release|x64.ActiveCfg = Release|x64
		{2E685DF0-181D-4E34-9597-45C361FF9D9C}.Release|x64.Build.0 = Release|x64
		{2E685DF0-181D-4E34-9597-45C361FF9D9C}.Release|x86.ActiveCfg = Release|Win32
		{2E685DF0-181D-4E34-9597-45C361FF9D9C}.Release|x86.Build.0 = Release|Win32
	EndGlobalSection
	GlobalSection(SolutionProperties) = preSolution
		HideSolutionNode = FALSE
	EndGlobalSection
	GlobalSection(ExtensibilityGlobals) = postSolution
		SolutionGuid = {8FFAA892-51B5-4E8A-ACC8-B6490151949A}
	EndGlobalSection
EndGlobal
